
Microsoft Visual Studio Solution File, Format Version 12.00
# Visual Studio Version 16
VisualStudioVersion = 16.0.31702.278
MinimumVisualStudioVersion = 10.0.40219.1
Project("{9A19103F-16F7-4668-BE54-9A1E7A4F7556}") = "WaveAnalyzer", "WaveAnalyzer\WaveAnalyzer.csproj", "{8D29C159-F9DC-42EB-9576-DEBAF00B830D}"
EndProject
Project("{2150E333-8FDC-42A3-9474-1A3956D46DE8}") = "Solution Items", "Solution Items", "{C925F70A-7A21-42DE-A5F9-3B53EAA23100}"
EndProject
Project("{8BC9CEB8-8B4A-11D0-8D11-00A0C91BC942}") = "ModelessDialog", "ModelessDialog\ModelessDialog.vcxproj", "{EA05708A-E3AE-4592-9AC0-F64D424D6A70}"
EndProject
Global
	GlobalSection(SolutionConfigurationPlatforms) = preSolution
		Debug|Any CPU = Debug|Any CPU
		Debug|x64 = Debug|x64
		Debug|x86 = Debug|x86
		Release|Any CPU = Release|Any CPU
		Release|x64 = Release|x64
		Release|x86 = Release|x86
	EndGlobalSection
	GlobalSection(ProjectConfigurationPlatforms) = postSolution
		{8D29C159-F9DC-42EB-9576-DEBAF00B830D}.Debug|Any CPU.ActiveCfg = Debug|Any CPU
		{8D29C159-F9DC-42EB-9576-DEBAF00B830D}.Debug|Any CPU.Build.0 = Debug|Any CPU
		{8D29C159-F9DC-42EB-9576-DEBAF00B830D}.Debug|x64.ActiveCfg = Debug|Any CPU
		{8D29C159-F9DC-42EB-9576-DEBAF00B830D}.Debug|x64.Build.0 = Debug|Any CPU
		{8D29C159-F9DC-42EB-9576-DEBAF00B830D}.Debug|x86.ActiveCfg = Debug|Any CPU
		{8D29C159-F9DC-42EB-9576-DEBAF00B830D}.Debug|x86.Build.0 = Debug|Any CPU
		{8D29C159-F9DC-42EB-9576-DEBAF00B830D}.Release|Any CPU.ActiveCfg = Release|Any CPU
		{8D29C159-F9DC-42EB-9576-DEBAF00B830D}.Release|Any CPU.Build.0 = Release|Any CPU
		{8D29C159-F9DC-42EB-9576-DEBAF00B830D}.Release|x64.ActiveCfg = Release|Any CPU
		{8D29C159-F9DC-42EB-9576-DEBAF00B830D}.Release|x64.Build.0 = Release|Any CPU
		{8D29C159-F9DC-42EB-9576-DEBAF00B830D}.Release|x86.ActiveCfg = Release|Any CPU
		{8D29C159-F9DC-42EB-9576-DEBAF00B830D}.Release|x86.Build.0 = Release|Any CPU
		{EA05708A-E3AE-4592-9AC0-F64D424D6A70}.Debug|Any CPU.ActiveCfg = Debug|Win32
		{EA05708A-E3AE-4592-9AC0-F64D424D6A70}.Debug|x64.ActiveCfg = Debug|x64
		{EA05708A-E3AE-4592-9AC0-F64D424D6A70}.Debug|x64.Build.0 = Debug|x64
		{EA05708A-E3AE-4592-9AC0-F64D424D6A70}.Debug|x86.ActiveCfg = Debug|Win32
		{EA05708A-E3AE-4592-9AC0-F64D424D6A70}.Debug|x86.Build.0 = Debug|Win32
		{EA05708A-E3AE-4592-9AC0-F64D424D6A70}.Release|Any CPU.ActiveCfg = Release|Win32
		{EA05708A-E3AE-4592-9AC0-F64D424D6A70}.Release|x64.ActiveCfg = Release|x64
		{EA05708A-E3AE-4592-9AC0-F64D424D6A70}.Release|x64.Build.0 = Release|x64
		{EA05708A-E3AE-4592-9AC0-F64D424D6A70}.Release|x86.ActiveCfg = Release|Win32
		{EA05708A-E3AE-4592-9AC0-F64D424D6A70}.Release|x86.Build.0 = Release|Win32
	EndGlobalSection
	GlobalSection(SolutionProperties) = preSolution
		HideSolutionNode = FALSE
	EndGlobalSection
	GlobalSection(NestedProjects) = preSolution
		{EA05708A-E3AE-4592-9AC0-F64D424D6A70} = {C925F70A-7A21-42DE-A5F9-3B53EAA23100}
	EndGlobalSection
	GlobalSection(ExtensibilityGlobals) = postSolution
		SolutionGuid = {8BF44A6C-36EB-4BFC-AE3D-BD0008CB6D03}
	EndGlobalSection
EndGlobal
